
Microsoft Visual Studio Solution File, Format Version 12.00
# Visual Studio Version 17
VisualStudioVersion = 17.0.31903.59
MinimumVisualStudioVersion = 10.0.40219.1
Project("{FAE04EC0-301F-11D3-BF4B-00C04F79EFBC}") = "_build", "build\_build.csproj", "{F1F3215D-25B6-44E7-ABB5-EBF0EA7670CB}"
EndProject
Project("{2150E333-8FDC-42A3-9474-1A3956D46DE8}") = "src", "src", "{9754FBFE-8E21-4C2C-B60F-9F02ABDCFED8}"
EndProject
Project("{FAE04EC0-301F-11D3-BF4B-00C04F79EFBC}") = "EsunnyITap.Net", "src\EsunnyITap.Net\EsunnyITap.Net.csproj", "{663DFE03-640E-4E55-B22F-86D3C56D1034}"
EndProject
Project("{2150E333-8FDC-42A3-9474-1A3956D46DE8}") = "tests", "tests", "{F73AE7FC-E535-4B64-8E09-0FFEB5093726}"
EndProject
Project("{FAE04EC0-301F-11D3-BF4B-00C04F79EFBC}") = "EsunnyITap.Demo", "tests\EsunnyITap.Demo\EsunnyITap.Demo.csproj", "{5694ADA6-1ADC-4300-A950-E979D617B0D9}"
EndProject
Project("{2150E333-8FDC-42A3-9474-1A3956D46DE8}") = "items", "items", "{22D961FC-2AE4-4C5C-9108-BB90837B9377}"
	ProjectSection(SolutionItems) = preProject
		.csharpierrc.json = .csharpierrc.json
		.gitattributes = .gitattributes
		.gitignore = .gitignore
		ReadMe.md = ReadMe.md
	EndProjectSection
EndProject
Global
	GlobalSection(SolutionConfigurationPlatforms) = preSolution
		Debug|Any CPU = Debug|Any CPU
		Release|Any CPU = Release|Any CPU
	EndGlobalSection
	GlobalSection(SolutionProperties) = preSolution
		HideSolutionNode = FALSE
	EndGlobalSection
	GlobalSection(ProjectConfigurationPlatforms) = postSolution
		{F1F3215D-25B6-44E7-ABB5-EBF0EA7670CB}.Debug|Any CPU.ActiveCfg = Debug|Any CPU
		{F1F3215D-25B6-44E7-ABB5-EBF0EA7670CB}.Release|Any CPU.ActiveCfg = Release|Any CPU
		{663DFE03-640E-4E55-B22F-86D3C56D1034}.Debug|Any CPU.ActiveCfg = Debug|Any CPU
		{663DFE03-640E-4E55-B22F-86D3C56D1034}.Debug|Any CPU.Build.0 = Debug|Any CPU
		{663DFE03-640E-4E55-B22F-86D3C56D1034}.Release|Any CPU.ActiveCfg = Release|Any CPU
		{663DFE03-640E-4E55-B22F-86D3C56D1034}.Release|Any CPU.Build.0 = Release|Any CPU
		{5694ADA6-1ADC-4300-A950-E979D617B0D9}.Debug|Any CPU.ActiveCfg = Debug|Any CPU
		{5694ADA6-1ADC-4300-A950-E979D617B0D9}.Debug|Any CPU.Build.0 = Debug|Any CPU
		{5694ADA6-1ADC-4300-A950-E979D617B0D9}.Release|Any CPU.ActiveCfg = Release|Any CPU
		{5694ADA6-1ADC-4300-A950-E979D617B0D9}.Release|Any CPU.Build.0 = Release|Any CPU
	EndGlobalSection
	GlobalSection(NestedProjects) = preSolution
		{663DFE03-640E-4E55-B22F-86D3C56D1034} = {9754FBFE-8E21-4C2C-B60F-9F02ABDCFED8}
		{5694ADA6-1ADC-4300-A950-E979D617B0D9} = {F73AE7FC-E535-4B64-8E09-0FFEB5093726}
	EndGlobalSection
EndGlobal
