
Microsoft Visual Studio Solution File, Format Version 12.00
# Visual Studio Version 17
Project("{8BC9CEB8-8B4A-11D0-8D11-00A0C91BC942}") = "ALL_BUILD", "ALL_BUILD.vcxproj", "{E0A14010-72BD-34DC-B807-AB97B0CFFA39}"
	ProjectSection(ProjectDependencies) = postProject
		{65488C4C-A12C-3D1C-B78A-DBB16A51E6AC} = {65488C4C-A12C-3D1C-B78A-DBB16A51E6AC}
		{A063E53E-038C-3930-975F-C1B98E1C7B2E} = {A063E53E-038C-3930-975F-C1B98E1C7B2E}
	EndProjectSection
EndProject
Project("{8BC9CEB8-8B4A-11D0-8D11-00A0C91BC942}") = "EsunnyITapApi", "EsunnyITapApi.vcxproj", "{65488C4C-A12C-3D1C-B78A-DBB16A51E6AC}"
	ProjectSection(ProjectDependencies) = postProject
		{A063E53E-038C-3930-975F-C1B98E1C7B2E} = {A063E53E-038C-3930-975F-C1B98E1C7B2E}
	EndProjectSection
EndProject
Project("{8BC9CEB8-8B4A-11D0-8D11-00A0C91BC942}") = "ZERO_CHECK", "ZERO_CHECK.vcxproj", "{A063E53E-038C-3930-975F-C1B98E1C7B2E}"
	ProjectSection(ProjectDependencies) = postProject
	EndProjectSection
EndProject
Global
	GlobalSection(SolutionConfigurationPlatforms) = preSolution
		Debug|x64 = Debug|x64
		Release|x64 = Release|x64
		MinSizeRel|x64 = MinSizeRel|x64
		RelWithDebInfo|x64 = RelWithDebInfo|x64
	EndGlobalSection
	GlobalSection(ProjectConfigurationPlatforms) = postSolution
		{E0A14010-72BD-34DC-B807-AB97B0CFFA39}.Debug|x64.ActiveCfg = Debug|x64
		{E0A14010-72BD-34DC-B807-AB97B0CFFA39}.Release|x64.ActiveCfg = Release|x64
		{E0A14010-72BD-34DC-B807-AB97B0CFFA39}.MinSizeRel|x64.ActiveCfg = MinSizeRel|x64
		{E0A14010-72BD-34DC-B807-AB97B0CFFA39}.RelWithDebInfo|x64.ActiveCfg = RelWithDebInfo|x64
		{65488C4C-A12C-3D1C-B78A-DBB16A51E6AC}.Debug|x64.ActiveCfg = Debug|x64
		{65488C4C-A12C-3D1C-B78A-DBB16A51E6AC}.Debug|x64.Build.0 = Debug|x64
		{65488C4C-A12C-3D1C-B78A-DBB16A51E6AC}.Release|x64.ActiveCfg = Release|x64
		{65488C4C-A12C-3D1C-B78A-DBB16A51E6AC}.Release|x64.Build.0 = Release|x64
		{65488C4C-A12C-3D1C-B78A-DBB16A51E6AC}.MinSizeRel|x64.ActiveCfg = MinSizeRel|x64
		{65488C4C-A12C-3D1C-B78A-DBB16A51E6AC}.MinSizeRel|x64.Build.0 = MinSizeRel|x64
		{65488C4C-A12C-3D1C-B78A-DBB16A51E6AC}.RelWithDebInfo|x64.ActiveCfg = RelWithDebInfo|x64
		{65488C4C-A12C-3D1C-B78A-DBB16A51E6AC}.RelWithDebInfo|x64.Build.0 = RelWithDebInfo|x64
		{A063E53E-038C-3930-975F-C1B98E1C7B2E}.Debug|x64.ActiveCfg = Debug|x64
		{A063E53E-038C-3930-975F-C1B98E1C7B2E}.Debug|x64.Build.0 = Debug|x64
		{A063E53E-038C-3930-975F-C1B98E1C7B2E}.Release|x64.ActiveCfg = Release|x64
		{A063E53E-038C-3930-975F-C1B98E1C7B2E}.Release|x64.Build.0 = Release|x64
		{A063E53E-038C-3930-975F-C1B98E1C7B2E}.MinSizeRel|x64.ActiveCfg = MinSizeRel|x64
		{A063E53E-038C-3930-975F-C1B98E1C7B2E}.MinSizeRel|x64.Build.0 = MinSizeRel|x64
		{A063E53E-038C-3930-975F-C1B98E1C7B2E}.RelWithDebInfo|x64.ActiveCfg = RelWithDebInfo|x64
		{A063E53E-038C-3930-975F-C1B98E1C7B2E}.RelWithDebInfo|x64.Build.0 = RelWithDebInfo|x64
	EndGlobalSection
	GlobalSection(ExtensibilityGlobals) = postSolution
		SolutionGuid = {2015A23C-48D1-34B1-971B-1A126A526A29}
	EndGlobalSection
	GlobalSection(ExtensibilityAddIns) = postSolution
	EndGlobalSection
EndGlobal
