<?xml version="1.0" encoding="utf-8"?>
<Project ToolsVersion="17.0" xmlns="http://schemas.microsoft.com/developer/msbuild/2003">
  <ItemGroup>
    <CustomBuild Include="C:\Workspace\gitlab\EsunnyITap.Net\src\EsunnyITapApi\win-build\CMakeFiles\711443ab09729fd2f23cf0b4dba5b574\generate.stamp.rule">
      <Filter>CMake Rules</Filter>
    </CustomBuild>
  </ItemGroup>
  <ItemGroup>
    <Filter Include="CMake Rules">
      <UniqueIdentifier>{8629D380-D96E-3972-81D5-1BDA63E36630}</UniqueIdentifier>
    </Filter>
  </ItemGroup>
</Project>
